
Microsoft Visual Studio Solution File, Format Version 12.00
# Visual Studio Version 17
VisualStudioVersion = 17.0.31903.59
MinimumVisualStudioVersion = 10.0.40219.1
Project("{FAE04EC0-301F-11D3-BF4B-00C04F79EFBC}") = "SqlcGenCsharpProcess", "SqlcGenCsharpProcess\SqlcGenCsharpProcess.csproj", "{649CFB46-68D1-41F8-BD76-FF4B79B16825}"
EndProject
Project("{FAE04EC0-301F-11D3-BF4B-00C04F79EFBC}") = "CodeGenerator", "CodeGenerator\CodeGenerator.csproj", "{C657B177-23BE-4B9B-B4A5-A281AFC81C06}"
EndProject
Project("{FAE04EC0-301F-11D3-BF4B-00C04F79EFBC}") = "MySqlConnectorExample", "MySqlConnectorExample\MySqlConnectorExample.csproj", "{6406B659-77CF-4978-ABD3-BFBB2CBFFCA3}"
EndProject
Project("{FAE04EC0-301F-11D3-BF4B-00C04F79EFBC}") = "DebugHelper", "DebugHelper\DebugHelper.csproj", "{984382B3-9EE7-48B5-A188-178091BA113F}"
EndProject
Project("{FAE04EC0-301F-11D3-BF4B-00C04F79EFBC}") = "DriverCommon", "DriverCommon\DriverCommon.csproj", "{79E7A33D-D0CA-4D5E-9E0A-94B7BE7CAA78}"
EndProject
Project("{FAE04EC0-301F-11D3-BF4B-00C04F79EFBC}") = "StringExtensions", "StringExtensions\StringExtensions.csproj", "{FCE3B072-0B96-47D2-959C-111B5BC1D292}"
EndProject
Project("{FAE04EC0-301F-11D3-BF4B-00C04F79EFBC}") = "MySqlConnectorDriver", "MySqlConnectorDriver\MySqlConnectorDriver.csproj", "{6C698DAA-5151-4241-B07E-3435A717ABFB}"
EndProject
Project("{FAE04EC0-301F-11D3-BF4B-00C04F79EFBC}") = "SqlcGenCsharpTests", "SqlcGenCsharpTests\SqlcGenCsharpTests.csproj", "{3675F864-9CD2-49C0-9754-56E490F15DF0}"
EndProject
Project("{FAE04EC0-301F-11D3-BF4B-00C04F79EFBC}") = "NpgsqlDriver", "NpgsqlDriver\NpgsqlDriver.csproj", "{B6150440-4409-4B64-8A07-4A7D9B92FB09}"
EndProject
Project("{FAE04EC0-301F-11D3-BF4B-00C04F79EFBC}") = "NpgsqlExample", "NpgsqlExample\NpgsqlExample.csproj", "{86C6A2E3-C58C-4891-9B7B-296C36020185}"
EndProject
Project("{FAE04EC0-301F-11D3-BF4B-00C04F79EFBC}") = "SqlcGenCsharpWasm", "SqlcGenCsharpWasm\SqlcGenCsharpWasm.csproj", "{D3095033-1C96-42D9-AE44-3D4F1B24CB51}"
EndProject
Project("{FAE04EC0-301F-11D3-BF4B-00C04F79EFBC}") = "SqlcGenCsharp", "SqlcGenCsharp\SqlcGenCsharp.csproj", "{B83D6813-3B06-4E23-B2FC-47078CB90B83}"
EndProject
Project("{FAE04EC0-301F-11D3-BF4B-00C04F79EFBC}") = "SqlcProtobuf", "SqlcProtobuf\SqlcProtobuf.csproj", "{F9634820-EDE9-4DB0-9801-C32AD492D4E7}"
EndProject
Project("{FAE04EC0-301F-11D3-BF4B-00C04F79EFBC}") = "ListExtensions", "ListExtensions\ListExtensions.csproj", "{12ACA4A1-80E3-453C-8D7F-ABF46EBC9E28}"
EndProject
Global
	GlobalSection(SolutionConfigurationPlatforms) = preSolution
		Debug|Any CPU = Debug|Any CPU
		Release|Any CPU = Release|Any CPU
	EndGlobalSection
	GlobalSection(SolutionProperties) = preSolution
		HideSolutionNode = FALSE
	EndGlobalSection
	GlobalSection(ProjectConfigurationPlatforms) = postSolution
		{649CFB46-68D1-41F8-BD76-FF4B79B16825}.Debug|Any CPU.ActiveCfg = Debug|Any CPU
		{649CFB46-68D1-41F8-BD76-FF4B79B16825}.Debug|Any CPU.Build.0 = Debug|Any CPU
		{649CFB46-68D1-41F8-BD76-FF4B79B16825}.Release|Any CPU.ActiveCfg = Release|Any CPU
		{649CFB46-68D1-41F8-BD76-FF4B79B16825}.Release|Any CPU.Build.0 = Release|Any CPU
		{C657B177-23BE-4B9B-B4A5-A281AFC81C06}.Debug|Any CPU.ActiveCfg = Debug|Any CPU
		{C657B177-23BE-4B9B-B4A5-A281AFC81C06}.Debug|Any CPU.Build.0 = Debug|Any CPU
		{C657B177-23BE-4B9B-B4A5-A281AFC81C06}.Release|Any CPU.ActiveCfg = Release|Any CPU
		{C657B177-23BE-4B9B-B4A5-A281AFC81C06}.Release|Any CPU.Build.0 = Release|Any CPU
		{6406B659-77CF-4978-ABD3-BFBB2CBFFCA3}.Debug|Any CPU.ActiveCfg = Debug|Any CPU
		{6406B659-77CF-4978-ABD3-BFBB2CBFFCA3}.Debug|Any CPU.Build.0 = Debug|Any CPU
		{6406B659-77CF-4978-ABD3-BFBB2CBFFCA3}.Release|Any CPU.ActiveCfg = Release|Any CPU
		{6406B659-77CF-4978-ABD3-BFBB2CBFFCA3}.Release|Any CPU.Build.0 = Release|Any CPU
		{984382B3-9EE7-48B5-A188-178091BA113F}.Debug|Any CPU.ActiveCfg = Debug|Any CPU
		{984382B3-9EE7-48B5-A188-178091BA113F}.Debug|Any CPU.Build.0 = Debug|Any CPU
		{984382B3-9EE7-48B5-A188-178091BA113F}.Release|Any CPU.ActiveCfg = Release|Any CPU
		{984382B3-9EE7-48B5-A188-178091BA113F}.Release|Any CPU.Build.0 = Release|Any CPU
		{79E7A33D-D0CA-4D5E-9E0A-94B7BE7CAA78}.Debug|Any CPU.ActiveCfg = Debug|Any CPU
		{79E7A33D-D0CA-4D5E-9E0A-94B7BE7CAA78}.Debug|Any CPU.Build.0 = Debug|Any CPU
		{79E7A33D-D0CA-4D5E-9E0A-94B7BE7CAA78}.Release|Any CPU.ActiveCfg = Release|Any CPU
		{79E7A33D-D0CA-4D5E-9E0A-94B7BE7CAA78}.Release|Any CPU.Build.0 = Release|Any CPU
		{FCE3B072-0B96-47D2-959C-111B5BC1D292}.Debug|Any CPU.ActiveCfg = Debug|Any CPU
		{FCE3B072-0B96-47D2-959C-111B5BC1D292}.Debug|Any CPU.Build.0 = Debug|Any CPU
		{FCE3B072-0B96-47D2-959C-111B5BC1D292}.Release|Any CPU.ActiveCfg = Release|Any CPU
		{FCE3B072-0B96-47D2-959C-111B5BC1D292}.Release|Any CPU.Build.0 = Release|Any CPU
		{6C698DAA-5151-4241-B07E-3435A717ABFB}.Debug|Any CPU.ActiveCfg = Debug|Any CPU
		{6C698DAA-5151-4241-B07E-3435A717ABFB}.Debug|Any CPU.Build.0 = Debug|Any CPU
		{6C698DAA-5151-4241-B07E-3435A717ABFB}.Release|Any CPU.ActiveCfg = Release|Any CPU
		{6C698DAA-5151-4241-B07E-3435A717ABFB}.Release|Any CPU.Build.0 = Release|Any CPU
		{3675F864-9CD2-49C0-9754-56E490F15DF0}.Debug|Any CPU.ActiveCfg = Debug|Any CPU
		{3675F864-9CD2-49C0-9754-56E490F15DF0}.Debug|Any CPU.Build.0 = Debug|Any CPU
		{3675F864-9CD2-49C0-9754-56E490F15DF0}.Release|Any CPU.ActiveCfg = Release|Any CPU
		{3675F864-9CD2-49C0-9754-56E490F15DF0}.Release|Any CPU.Build.0 = Release|Any CPU
		{B6150440-4409-4B64-8A07-4A7D9B92FB09}.Debug|Any CPU.ActiveCfg = Debug|Any CPU
		{B6150440-4409-4B64-8A07-4A7D9B92FB09}.Debug|Any CPU.Build.0 = Debug|Any CPU
		{B6150440-4409-4B64-8A07-4A7D9B92FB09}.Release|Any CPU.ActiveCfg = Release|Any CPU
		{B6150440-4409-4B64-8A07-4A7D9B92FB09}.Release|Any CPU.Build.0 = Release|Any CPU
		{86C6A2E3-C58C-4891-9B7B-296C36020185}.Debug|Any CPU.ActiveCfg = Debug|Any CPU
		{86C6A2E3-C58C-4891-9B7B-296C36020185}.Debug|Any CPU.Build.0 = Debug|Any CPU
		{86C6A2E3-C58C-4891-9B7B-296C36020185}.Release|Any CPU.ActiveCfg = Release|Any CPU
		{86C6A2E3-C58C-4891-9B7B-296C36020185}.Release|Any CPU.Build.0 = Release|Any CPU
		{D3095033-1C96-42D9-AE44-3D4F1B24CB51}.Debug|Any CPU.ActiveCfg = Debug|Any CPU
		{D3095033-1C96-42D9-AE44-3D4F1B24CB51}.Release|Any CPU.ActiveCfg = Release|Any CPU
		{D3095033-1C96-42D9-AE44-3D4F1B24CB51}.Release|Any CPU.Build.0 = Release|Any CPU
		{B83D6813-3B06-4E23-B2FC-47078CB90B83}.Debug|Any CPU.ActiveCfg = Debug|Any CPU
		{B83D6813-3B06-4E23-B2FC-47078CB90B83}.Debug|Any CPU.Build.0 = Debug|Any CPU
		{B83D6813-3B06-4E23-B2FC-47078CB90B83}.Release|Any CPU.ActiveCfg = Release|Any CPU
		{B83D6813-3B06-4E23-B2FC-47078CB90B83}.Release|Any CPU.Build.0 = Release|Any CPU
		{F9634820-EDE9-4DB0-9801-C32AD492D4E7}.Debug|Any CPU.ActiveCfg = Debug|Any CPU
		{F9634820-EDE9-4DB0-9801-C32AD492D4E7}.Debug|Any CPU.Build.0 = Debug|Any CPU
		{F9634820-EDE9-4DB0-9801-C32AD492D4E7}.Release|Any CPU.ActiveCfg = Release|Any CPU
		{F9634820-EDE9-4DB0-9801-C32AD492D4E7}.Release|Any CPU.Build.0 = Release|Any CPU
		{12ACA4A1-80E3-453C-8D7F-ABF46EBC9E28}.Debug|Any CPU.ActiveCfg = Debug|Any CPU
		{12ACA4A1-80E3-453C-8D7F-ABF46EBC9E28}.Debug|Any CPU.Build.0 = Debug|Any CPU
		{12ACA4A1-80E3-453C-8D7F-ABF46EBC9E28}.Release|Any CPU.ActiveCfg = Release|Any CPU
		{12ACA4A1-80E3-453C-8D7F-ABF46EBC9E28}.Release|Any CPU.Build.0 = Release|Any CPU
	EndGlobalSection
EndGlobal
